
Microsoft Visual Studio Solution File, Format Version 12.00
# Visual Studio 15
VisualStudioVersion = 15.0.27703.2018
MinimumVisualStudioVersion = 10.0.40219.1
Project("{9A19103F-16F7-4668-BE54-9A1E7A4F7556}") = "Modelo", "Modelo\Modelo.csproj", "{C8998B94-16AA-464D-8637-66636E9BC3F0}"
EndProject
Project("{FAE04EC0-301F-11D3-BF4B-00C04F79EFBC}") = "Aplicacao", "Aplicacao\Aplicacao.csproj", "{3148A191-E919-4E4F-B99B-359DC42B67D7}"
EndProject
Project("{FAE04EC0-301F-11D3-BF4B-00C04F79EFBC}") = "Dados", "Dados\Dados.csproj", "{983FE17F-0F94-4661-95D8-E664C9BF5BC1}"
EndProject
Global
	GlobalSection(SolutionConfigurationPlatforms) = preSolution
		Debug|Any CPU = Debug|Any CPU
		Release|Any CPU = Release|Any CPU
	EndGlobalSection
	GlobalSection(ProjectConfigurationPlatforms) = postSolution
		{C8998B94-16AA-464D-8637-66636E9BC3F0}.Debug|Any CPU.ActiveCfg = Debug|Any CPU
		{C8998B94-16AA-464D-8637-66636E9BC3F0}.Debug|Any CPU.Build.0 = Debug|Any CPU
		{C8998B94-16AA-464D-8637-66636E9BC3F0}.Release|Any CPU.ActiveCfg = Release|Any CPU
		{C8998B94-16AA-464D-8637-66636E9BC3F0}.Release|Any CPU.Build.0 = Release|Any CPU
		{3148A191-E919-4E4F-B99B-359DC42B67D7}.Debug|Any CPU.ActiveCfg = Debug|Any CPU
		{3148A191-E919-4E4F-B99B-359DC42B67D7}.Debug|Any CPU.Build.0 = Debug|Any CPU
		{3148A191-E919-4E4F-B99B-359DC42B67D7}.Release|Any CPU.ActiveCfg = Release|Any CPU
		{3148A191-E919-4E4F-B99B-359DC42B67D7}.Release|Any CPU.Build.0 = Release|Any CPU
		{983FE17F-0F94-4661-95D8-E664C9BF5BC1}.Debug|Any CPU.ActiveCfg = Debug|Any CPU
		{983FE17F-0F94-4661-95D8-E664C9BF5BC1}.Debug|Any CPU.Build.0 = Debug|Any CPU
		{983FE17F-0F94-4661-95D8-E664C9BF5BC1}.Release|Any CPU.ActiveCfg = Release|Any CPU
		{983FE17F-0F94-4661-95D8-E664C9BF5BC1}.Release|Any CPU.Build.0 = Release|Any CPU
	EndGlobalSection
	GlobalSection(SolutionProperties) = preSolution
		HideSolutionNode = FALSE
	EndGlobalSection
	GlobalSection(ExtensibilityGlobals) = postSolution
		SolutionGuid = {7EAC1058-314C-4AE3-9D9A-918C7EDB96F0}
	EndGlobalSection
EndGlobal
